// !$*UTF8*$!
{
	archiveVersion = 1;
	classes = {
	};
	objectVersion = 51;
	objects = {

/* Begin PBXBuildFile section */
		491CFA21254407F80040C000 /* EditMeViewController.swift in Sources */ = {isa = PBXBuildFile; fileRef = 491CFA20254407F80040C000 /* EditMeViewController.swift */; };
		492EBB20253DC40700BA9A00 /* SignInViewController.swift in Sources */ = {isa = PBXBuildFile; fileRef = 492EBB1F253DC40700BA9A00 /* SignInViewController.swift */; };
		492EBB22253DC41600BA9A00 /* SignUpViewController.swift in Sources */ = {isa = PBXBuildFile; fileRef = 492EBB21253DC41600BA9A00 /* SignUpViewController.swift */; };
		492EBB24253DC42300BA9A00 /* DisplayViewController.swift in Sources */ = {isa = PBXBuildFile; fileRef = 492EBB23253DC42300BA9A00 /* DisplayViewController.swift */; };
		492EBB29253DCFBA00BA9A00 /* Utilities.swift in Sources */ = {isa = PBXBuildFile; fileRef = 492EBB28253DCFBA00BA9A00 /* Utilities.swift */; };
		495B9C272545A0FA00323505 /* nearbyCinemas.swift in Sources */ = {isa = PBXBuildFile; fileRef = 495B9C262545A0FA00323505 /* nearbyCinemas.swift */; };
		495B9C2A2545B35D00323505 /* CinemaViewController.swift in Sources */ = {isa = PBXBuildFile; fileRef = 495B9C292545B35D00323505 /* CinemaViewController.swift */; };
		49927BA52535E00900C10181 /* GoogleService-Info.plist in Resources */ = {isa = PBXBuildFile; fileRef = 49927BA42535E00900C10181 /* GoogleService-Info.plist */; };
		49C2FDA82542F832005DBEB9 /* MovieDetailNew.swift in Sources */ = {isa = PBXBuildFile; fileRef = 49C2FDA72542F832005DBEB9 /* MovieDetailNew.swift */; };
		49C2FDAA25432230005DBEB9 /* Video.swift in Sources */ = {isa = PBXBuildFile; fileRef = 49C2FDA925432230005DBEB9 /* Video.swift */; };
		49E5A860253E8AB6007088D6 /* TabBarViewController.swift in Sources */ = {isa = PBXBuildFile; fileRef = 49E5A85F253E8AB6007088D6 /* TabBarViewController.swift */; };
		49E5A864253EB02E007088D6 /* wolf.MOV in Resources */ = {isa = PBXBuildFile; fileRef = 49E5A862253EB02D007088D6 /* wolf.MOV */; };
		49E5A867253ED2B0007088D6 /* ForgetPasswordViewController.swift in Sources */ = {isa = PBXBuildFile; fileRef = 49E5A866253ED2B0007088D6 /* ForgetPasswordViewController.swift */; };
		49E5A869253EEE0D007088D6 /* cr7.MOV in Resources */ = {isa = PBXBuildFile; fileRef = 49E5A868253EEE0D007088D6 /* cr7.MOV */; };
		49E5A86D253F01B7007088D6 /* MeViewController.swift in Sources */ = {isa = PBXBuildFile; fileRef = 49E5A86C253F01B7007088D6 /* MeViewController.swift */; };
		49E61C1C2543DA64006AD812 /* SeeMoreCollectionViewCell.swift in Sources */ = {isa = PBXBuildFile; fileRef = 49E61C1B2543DA64006AD812 /* SeeMoreCollectionViewCell.swift */; };
		49F3FD9625412AA2008EFB8D /* CollectionCollectionViewCell.swift in Sources */ = {isa = PBXBuildFile; fileRef = 49F3FD9525412AA2008EFB8D /* CollectionCollectionViewCell.swift */; };
		AC085C6C25417F5A00501932 /* MovieDetailViewController.swift in Sources */ = {isa = PBXBuildFile; fileRef = AC085C6B25417F5A00501932 /* MovieDetailViewController.swift */; };
		AC085C782541DCD600501932 /* Constants.swift in Sources */ = {isa = PBXBuildFile; fileRef = AC085C772541DCD600501932 /* Constants.swift */; };
		AC4D2904253DA068003AD179 /* SearchMovieTableViewController.swift in Sources */ = {isa = PBXBuildFile; fileRef = AC4D2903253DA068003AD179 /* SearchMovieTableViewController.swift */; };
		AC4D2908253DAA56003AD179 /* MovieDetail.swift in Sources */ = {isa = PBXBuildFile; fileRef = AC4D2907253DAA56003AD179 /* MovieDetail.swift */; };
		AC4D290D253DB4E4003AD179 /* MovieService.swift in Sources */ = {isa = PBXBuildFile; fileRef = AC4D290C253DB4E4003AD179 /* MovieService.swift */; };
		AC4D2910253DB53C003AD179 /* MovieStore.swift in Sources */ = {isa = PBXBuildFile; fileRef = AC4D290F253DB53C003AD179 /* MovieStore.swift */; };
		AC4D2913253DB6E5003AD179 /* MovieCustomCell.swift in Sources */ = {isa = PBXBuildFile; fileRef = AC4D2912253DB6E5003AD179 /* MovieCustomCell.swift */; };
		AC4D2916253DB938003AD179 /* SearchMovieCell.swift in Sources */ = {isa = PBXBuildFile; fileRef = AC4D2915253DB938003AD179 /* SearchMovieCell.swift */; };
		AC8BF38C254340050083C936 /* SimilarMovieCollectionViewCell.swift in Sources */ = {isa = PBXBuildFile; fileRef = AC8BF38B254340050083C936 /* SimilarMovieCollectionViewCell.swift */; };
		AC8BF3952543737B0083C936 /* TailorVolume.swift in Sources */ = {isa = PBXBuildFile; fileRef = AC8BF3942543737B0083C936 /* TailorVolume.swift */; };
		AC8BF39925437BDF0083C936 /* TrailorData.swift in Sources */ = {isa = PBXBuildFile; fileRef = AC8BF39825437BDF0083C936 /* TrailorData.swift */; };
		AC91EDC42534673F007C8189 /* AppDelegate.swift in Sources */ = {isa = PBXBuildFile; fileRef = AC91EDC32534673F007C8189 /* AppDelegate.swift */; };
		AC91EDC62534673F007C8189 /* SceneDelegate.swift in Sources */ = {isa = PBXBuildFile; fileRef = AC91EDC52534673F007C8189 /* SceneDelegate.swift */; };
		AC91EDC82534673F007C8189 /* ViewController.swift in Sources */ = {isa = PBXBuildFile; fileRef = AC91EDC72534673F007C8189 /* ViewController.swift */; };
		AC91EDCB2534673F007C8189 /* Main.storyboard in Resources */ = {isa = PBXBuildFile; fileRef = AC91EDC92534673F007C8189 /* Main.storyboard */; };
		AC91EDCD25346746007C8189 /* Assets.xcassets in Resources */ = {isa = PBXBuildFile; fileRef = AC91EDCC25346746007C8189 /* Assets.xcassets */; };
		AC91EDD025346746007C8189 /* LaunchScreen.storyboard in Resources */ = {isa = PBXBuildFile; fileRef = AC91EDCE25346746007C8189 /* LaunchScreen.storyboard */; };
		ACDE637D253F2DA900ED103F /* HomeCollectionViewCell.swift in Sources */ = {isa = PBXBuildFile; fileRef = ACDE637C253F2DA900ED103F /* HomeCollectionViewCell.swift */; };
		ACDE6380253F30E200ED103F /* HomeViewController.swift in Sources */ = {isa = PBXBuildFile; fileRef = ACDE637F253F30E200ED103F /* HomeViewController.swift */; };
		ACFC85FF253DEBE3009B56E0 /* MovieData.swift in Sources */ = {isa = PBXBuildFile; fileRef = ACFC85FE253DEBE3009B56E0 /* MovieData.swift */; };
		ACFC8602253DEC19009B56E0 /* VolumeData.swift in Sources */ = {isa = PBXBuildFile; fileRef = ACFC8601253DEC19009B56E0 /* VolumeData.swift */; };
		DDBECA7E7B17BBBDE3F1B06E /* Pods_FIT5140FinalApp.framework in Frameworks */ = {isa = PBXBuildFile; fileRef = C8714BE2BCF8274871E9AB72 /* Pods_FIT5140FinalApp.framework */; };
/* End PBXBuildFile section */

/* Begin PBXFileReference section */
		491CFA20254407F80040C000 /* EditMeViewController.swift */ = {isa = PBXFileReference; lastKnownFileType = sourcecode.swift; path = EditMeViewController.swift; sourceTree = "<group>"; };
		492EBB1F253DC40700BA9A00 /* SignInViewController.swift */ = {isa = PBXFileReference; lastKnownFileType = sourcecode.swift; path = SignInViewController.swift; sourceTree = "<group>"; };
		492EBB21253DC41600BA9A00 /* SignUpViewController.swift */ = {isa = PBXFileReference; lastKnownFileType = sourcecode.swift; path = SignUpViewController.swift; sourceTree = "<group>"; };
		492EBB23253DC42300BA9A00 /* DisplayViewController.swift */ = {isa = PBXFileReference; lastKnownFileType = sourcecode.swift; path = DisplayViewController.swift; sourceTree = "<group>"; };
		492EBB28253DCFBA00BA9A00 /* Utilities.swift */ = {isa = PBXFileReference; lastKnownFileType = sourcecode.swift; path = Utilities.swift; sourceTree = "<group>"; };
		495B9C262545A0FA00323505 /* nearbyCinemas.swift */ = {isa = PBXFileReference; lastKnownFileType = sourcecode.swift; path = nearbyCinemas.swift; sourceTree = "<group>"; };
		495B9C292545B35D00323505 /* CinemaViewController.swift */ = {isa = PBXFileReference; lastKnownFileType = sourcecode.swift; path = CinemaViewController.swift; sourceTree = "<group>"; };
		49927BA42535E00900C10181 /* GoogleService-Info.plist */ = {isa = PBXFileReference; fileEncoding = 4; lastKnownFileType = text.plist.xml; path = "GoogleService-Info.plist"; sourceTree = "<group>"; };
		49C2FDA72542F832005DBEB9 /* MovieDetailNew.swift */ = {isa = PBXFileReference; lastKnownFileType = sourcecode.swift; path = MovieDetailNew.swift; sourceTree = "<group>"; };
		49C2FDA925432230005DBEB9 /* Video.swift */ = {isa = PBXFileReference; lastKnownFileType = sourcecode.swift; path = Video.swift; sourceTree = "<group>"; };
		49E5A85F253E8AB6007088D6 /* TabBarViewController.swift */ = {isa = PBXFileReference; lastKnownFileType = sourcecode.swift; path = TabBarViewController.swift; sourceTree = "<group>"; };
		49E5A862253EB02D007088D6 /* wolf.MOV */ = {isa = PBXFileReference; lastKnownFileType = video.quicktime; path = wolf.MOV; sourceTree = "<group>"; };
		49E5A866253ED2B0007088D6 /* ForgetPasswordViewController.swift */ = {isa = PBXFileReference; lastKnownFileType = sourcecode.swift; path = ForgetPasswordViewController.swift; sourceTree = "<group>"; };
		49E5A868253EEE0D007088D6 /* cr7.MOV */ = {isa = PBXFileReference; lastKnownFileType = video.quicktime; path = cr7.MOV; sourceTree = "<group>"; };
		49E5A86C253F01B7007088D6 /* MeViewController.swift */ = {isa = PBXFileReference; lastKnownFileType = sourcecode.swift; path = MeViewController.swift; sourceTree = "<group>"; };
		49E61C1B2543DA64006AD812 /* SeeMoreCollectionViewCell.swift */ = {isa = PBXFileReference; lastKnownFileType = sourcecode.swift; path = SeeMoreCollectionViewCell.swift; sourceTree = "<group>"; };
		49F3FD9525412AA2008EFB8D /* CollectionCollectionViewCell.swift */ = {isa = PBXFileReference; lastKnownFileType = sourcecode.swift; path = CollectionCollectionViewCell.swift; sourceTree = "<group>"; };
		5C20A351683D91A9636A3BAE /* Pods-FIT5140FinalApp.debug.xcconfig */ = {isa = PBXFileReference; includeInIndex = 1; lastKnownFileType = text.xcconfig; name = "Pods-FIT5140FinalApp.debug.xcconfig"; path = "Target Support Files/Pods-FIT5140FinalApp/Pods-FIT5140FinalApp.debug.xcconfig"; sourceTree = "<group>"; };
		AC085C6B25417F5A00501932 /* MovieDetailViewController.swift */ = {isa = PBXFileReference; lastKnownFileType = sourcecode.swift; path = MovieDetailViewController.swift; sourceTree = "<group>"; };
		AC085C772541DCD600501932 /* Constants.swift */ = {isa = PBXFileReference; lastKnownFileType = sourcecode.swift; path = Constants.swift; sourceTree = "<group>"; };
		AC4D2903253DA068003AD179 /* SearchMovieTableViewController.swift */ = {isa = PBXFileReference; lastKnownFileType = sourcecode.swift; path = SearchMovieTableViewController.swift; sourceTree = "<group>"; };
		AC4D2907253DAA56003AD179 /* MovieDetail.swift */ = {isa = PBXFileReference; lastKnownFileType = sourcecode.swift; path = MovieDetail.swift; sourceTree = "<group>"; };
		AC4D290C253DB4E4003AD179 /* MovieService.swift */ = {isa = PBXFileReference; lastKnownFileType = sourcecode.swift; path = MovieService.swift; sourceTree = "<group>"; };
		AC4D290F253DB53C003AD179 /* MovieStore.swift */ = {isa = PBXFileReference; lastKnownFileType = sourcecode.swift; path = MovieStore.swift; sourceTree = "<group>"; };
		AC4D2912253DB6E5003AD179 /* MovieCustomCell.swift */ = {isa = PBXFileReference; lastKnownFileType = sourcecode.swift; path = MovieCustomCell.swift; sourceTree = "<group>"; };
		AC4D2915253DB938003AD179 /* SearchMovieCell.swift */ = {isa = PBXFileReference; lastKnownFileType = sourcecode.swift; path = SearchMovieCell.swift; sourceTree = "<group>"; };
		AC8BF38B254340050083C936 /* SimilarMovieCollectionViewCell.swift */ = {isa = PBXFileReference; lastKnownFileType = sourcecode.swift; path = SimilarMovieCollectionViewCell.swift; sourceTree = "<group>"; };
		AC8BF3942543737B0083C936 /* TailorVolume.swift */ = {isa = PBXFileReference; lastKnownFileType = sourcecode.swift; path = TailorVolume.swift; sourceTree = "<group>"; };
		AC8BF39825437BDF0083C936 /* TrailorData.swift */ = {isa = PBXFileReference; lastKnownFileType = sourcecode.swift; path = TrailorData.swift; sourceTree = "<group>"; };
		AC91EDC02534673F007C8189 /* FIT5140FinalApp.app */ = {isa = PBXFileReference; explicitFileType = wrapper.application; includeInIndex = 0; path = FIT5140FinalApp.app; sourceTree = BUILT_PRODUCTS_DIR; };
		AC91EDC32534673F007C8189 /* AppDelegate.swift */ = {isa = PBXFileReference; lastKnownFileType = sourcecode.swift; path = AppDelegate.swift; sourceTree = "<group>"; };
		AC91EDC52534673F007C8189 /* SceneDelegate.swift */ = {isa = PBXFileReference; lastKnownFileType = sourcecode.swift; path = SceneDelegate.swift; sourceTree = "<group>"; };
		AC91EDC72534673F007C8189 /* ViewController.swift */ = {isa = PBXFileReference; lastKnownFileType = sourcecode.swift; path = ViewController.swift; sourceTree = "<group>"; };
		AC91EDCA2534673F007C8189 /* Base */ = {isa = PBXFileReference; lastKnownFileType = file.storyboard; name = Base; path = Base.lproj/Main.storyboard; sourceTree = "<group>"; };
		AC91EDCC25346746007C8189 /* Assets.xcassets */ = {isa = PBXFileReference; lastKnownFileType = folder.assetcatalog; path = Assets.xcassets; sourceTree = "<group>"; };
		AC91EDCF25346746007C8189 /* Base */ = {isa = PBXFileReference; lastKnownFileType = file.storyboard; name = Base; path = Base.lproj/LaunchScreen.storyboard; sourceTree = "<group>"; };
		AC91EDD125346746007C8189 /* Info.plist */ = {isa = PBXFileReference; lastKnownFileType = text.plist.xml; path = Info.plist; sourceTree = "<group>"; };
		ACDE637C253F2DA900ED103F /* HomeCollectionViewCell.swift */ = {isa = PBXFileReference; lastKnownFileType = sourcecode.swift; path = HomeCollectionViewCell.swift; sourceTree = "<group>"; };
		ACDE637F253F30E200ED103F /* HomeViewController.swift */ = {isa = PBXFileReference; lastKnownFileType = sourcecode.swift; path = HomeViewController.swift; sourceTree = "<group>"; };
		ACFC85FE253DEBE3009B56E0 /* MovieData.swift */ = {isa = PBXFileReference; lastKnownFileType = sourcecode.swift; path = MovieData.swift; sourceTree = "<group>"; };
		ACFC8601253DEC19009B56E0 /* VolumeData.swift */ = {isa = PBXFileReference; lastKnownFileType = sourcecode.swift; path = VolumeData.swift; sourceTree = "<group>"; };
		C8714BE2BCF8274871E9AB72 /* Pods_FIT5140FinalApp.framework */ = {isa = PBXFileReference; explicitFileType = wrapper.framework; includeInIndex = 0; path = Pods_FIT5140FinalApp.framework; sourceTree = BUILT_PRODUCTS_DIR; };
		E310A1EEA441AECF4E955531 /* Pods-FIT5140FinalApp.release.xcconfig */ = {isa = PBXFileReference; includeInIndex = 1; lastKnownFileType = text.xcconfig; name = "Pods-FIT5140FinalApp.release.xcconfig"; path = "Target Support Files/Pods-FIT5140FinalApp/Pods-FIT5140FinalApp.release.xcconfig"; sourceTree = "<group>"; };
/* End PBXFileReference section */

/* Begin PBXFrameworksBuildPhase section */
		AC91EDBD2534673F007C8189 /* Frameworks */ = {
			isa = PBXFrameworksBuildPhase;
			buildActionMask = 2147483647;
			files = (
				DDBECA7E7B17BBBDE3F1B06E /* Pods_FIT5140FinalApp.framework in Frameworks */,
			);
			runOnlyForDeploymentPostprocessing = 0;
		};
/* End PBXFrameworksBuildPhase section */

/* Begin PBXGroup section */
		492EBB1E253DC3E200BA9A00 /* SignInAndSignUp */ = {
			isa = PBXGroup;
			children = (
				492EBB1F253DC40700BA9A00 /* SignInViewController.swift */,
				492EBB21253DC41600BA9A00 /* SignUpViewController.swift */,
				492EBB23253DC42300BA9A00 /* DisplayViewController.swift */,
				49E5A85F253E8AB6007088D6 /* TabBarViewController.swift */,
				49E5A866253ED2B0007088D6 /* ForgetPasswordViewController.swift */,
			);
			path = SignInAndSignUp;
			sourceTree = "<group>";
		};
		492EBB25253DCE0D00BA9A00 /* utility */ = {
			isa = PBXGroup;
			children = (
				492EBB28253DCFBA00BA9A00 /* Utilities.swift */,
			);
			path = utility;
			sourceTree = "<group>";
		};
		495B9C282545B33D00323505 /* Cinema */ = {
			isa = PBXGroup;
			children = (
				495B9C292545B35D00323505 /* CinemaViewController.swift */,
			);
			path = Cinema;
			sourceTree = "<group>";
		};
		49E5A861253E9DE0007088D6 /* material */ = {
			isa = PBXGroup;
			children = (
				49E5A862253EB02D007088D6 /* wolf.MOV */,
				49E5A868253EEE0D007088D6 /* cr7.MOV */,
			);
			path = material;
			sourceTree = "<group>";
		};
		49E5A86B253F015E007088D6 /* User screen */ = {
			isa = PBXGroup;
			children = (
				49E5A86C253F01B7007088D6 /* MeViewController.swift */,
				49F3FD9525412AA2008EFB8D /* CollectionCollectionViewCell.swift */,
				49E61C1B2543DA64006AD812 /* SeeMoreCollectionViewCell.swift */,
				491CFA20254407F80040C000 /* EditMeViewController.swift */,
			);
			path = "User screen";
			sourceTree = "<group>";
		};
		A43FB9EA22EACB709A08E1BE /* Frameworks */ = {
			isa = PBXGroup;
			children = (
				C8714BE2BCF8274871E9AB72 /* Pods_FIT5140FinalApp.framework */,
			);
			name = Frameworks;
			sourceTree = "<group>";
		};
		AC91EDB72534673F007C8189 = {
			isa = PBXGroup;
			children = (
				AC91EDC22534673F007C8189 /* FIT5140FinalApp */,
				AC91EDC12534673F007C8189 /* Products */,
				C917AFE6FC7867CD203C9786 /* Pods */,
				A43FB9EA22EACB709A08E1BE /* Frameworks */,
			);
			sourceTree = "<group>";
		};
		AC91EDC12534673F007C8189 /* Products */ = {
			isa = PBXGroup;
			children = (
				AC91EDC02534673F007C8189 /* FIT5140FinalApp.app */,
			);
			name = Products;
			sourceTree = "<group>";
		};
		AC91EDC22534673F007C8189 /* FIT5140FinalApp */ = {
			isa = PBXGroup;
			children = (
				495B9C282545B33D00323505 /* Cinema */,
				49E5A86B253F015E007088D6 /* User screen */,
				49E5A861253E9DE0007088D6 /* material */,
				492EBB25253DCE0D00BA9A00 /* utility */,
				492EBB1E253DC3E200BA9A00 /* SignInAndSignUp */,
				ACFC8604253DEC47009B56E0 /* API */,
				AC91EDC32534673F007C8189 /* AppDelegate.swift */,
				AC91EDC52534673F007C8189 /* SceneDelegate.swift */,
				AC91EDC72534673F007C8189 /* ViewController.swift */,
				AC91EDC92534673F007C8189 /* Main.storyboard */,
				AC91EDCC25346746007C8189 /* Assets.xcassets */,
				AC91EDCE25346746007C8189 /* LaunchScreen.storyboard */,
				49927BA42535E00900C10181 /* GoogleService-Info.plist */,
				AC91EDD125346746007C8189 /* Info.plist */,
				AC085C772541DCD600501932 /* Constants.swift */,
				AC4D290C253DB4E4003AD179 /* MovieService.swift */,
				AC4D290F253DB53C003AD179 /* MovieStore.swift */,
				AC4D2903253DA068003AD179 /* SearchMovieTableViewController.swift */,
				AC4D2912253DB6E5003AD179 /* MovieCustomCell.swift */,
				AC4D2915253DB938003AD179 /* SearchMovieCell.swift */,
				ACDE637C253F2DA900ED103F /* HomeCollectionViewCell.swift */,
				ACDE637F253F30E200ED103F /* HomeViewController.swift */,
				AC085C6B25417F5A00501932 /* MovieDetailViewController.swift */,
				AC8BF38B254340050083C936 /* SimilarMovieCollectionViewCell.swift */,
			);
			path = FIT5140FinalApp;
			sourceTree = "<group>";
		};
		ACFC8604253DEC47009B56E0 /* API */ = {
			isa = PBXGroup;
			children = (
				AC4D2907253DAA56003AD179 /* MovieDetail.swift */,
				ACFC85FE253DEBE3009B56E0 /* MovieData.swift */,
				ACFC8601253DEC19009B56E0 /* VolumeData.swift */,
				AC8BF3942543737B0083C936 /* TailorVolume.swift */,
				49C2FDA72542F832005DBEB9 /* MovieDetailNew.swift */,
				49C2FDA925432230005DBEB9 /* Video.swift */,
				AC8BF39825437BDF0083C936 /* TrailorData.swift */,
				495B9C262545A0FA00323505 /* nearbyCinemas.swift */,
			);
			path = API;
			sourceTree = "<group>";
		};
		C917AFE6FC7867CD203C9786 /* Pods */ = {
			isa = PBXGroup;
			children = (
				5C20A351683D91A9636A3BAE /* Pods-FIT5140FinalApp.debug.xcconfig */,
				E310A1EEA441AECF4E955531 /* Pods-FIT5140FinalApp.release.xcconfig */,
			);
			path = Pods;
			sourceTree = "<group>";
		};
/* End PBXGroup section */

/* Begin PBXNativeTarget section */
		AC91EDBF2534673F007C8189 /* FIT5140FinalApp */ = {
			isa = PBXNativeTarget;
			buildConfigurationList = AC91EDD425346746007C8189 /* Build configuration list for PBXNativeTarget "FIT5140FinalApp" */;
			buildPhases = (
				BB7E6B1A35D5B5016DA4A01E /* [CP] Check Pods Manifest.lock */,
				AC91EDBC2534673F007C8189 /* Sources */,
				AC91EDBD2534673F007C8189 /* Frameworks */,
				AC91EDBE2534673F007C8189 /* Resources */,
				AA614384F962ACBA5194CE6B /* [CP] Embed Pods Frameworks */,
			);
			buildRules = (
			);
			dependencies = (
			);
			name = FIT5140FinalApp;
			productName = FIT5140FinalApp;
			productReference = AC91EDC02534673F007C8189 /* FIT5140FinalApp.app */;
			productType = "com.apple.product-type.application";
		};
/* End PBXNativeTarget section */

/* Begin PBXProject section */
		AC91EDB82534673F007C8189 /* Project object */ = {
			isa = PBXProject;
			attributes = {
				LastSwiftUpdateCheck = 1200;
				LastUpgradeCheck = 1200;
				TargetAttributes = {
					AC91EDBF2534673F007C8189 = {
						CreatedOnToolsVersion = 12.0;
					};
				};
			};
			buildConfigurationList = AC91EDBB2534673F007C8189 /* Build configuration list for PBXProject "FIT5140FinalApp" */;
			compatibilityVersion = "Xcode 9.3";
			developmentRegion = en;
			hasScannedForEncodings = 0;
			knownRegions = (
				en,
				Base,
			);
			mainGroup = AC91EDB72534673F007C8189;
			productRefGroup = AC91EDC12534673F007C8189 /* Products */;
			projectDirPath = "";
			projectRoot = "";
			targets = (
				AC91EDBF2534673F007C8189 /* FIT5140FinalApp */,
			);
		};
/* End PBXProject section */

/* Begin PBXResourcesBuildPhase section */
		AC91EDBE2534673F007C8189 /* Resources */ = {
			isa = PBXResourcesBuildPhase;
			buildActionMask = 2147483647;
			files = (
				AC91EDD025346746007C8189 /* LaunchScreen.storyboard in Resources */,
				49927BA52535E00900C10181 /* GoogleService-Info.plist in Resources */,
				AC91EDCD25346746007C8189 /* Assets.xcassets in Resources */,
				49E5A869253EEE0D007088D6 /* cr7.MOV in Resources */,
				49E5A864253EB02E007088D6 /* wolf.MOV in Resources */,
				AC91EDCB2534673F007C8189 /* Main.storyboard in Resources */,
			);
			runOnlyForDeploymentPostprocessing = 0;
		};
/* End PBXResourcesBuildPhase section */

/* Begin PBXShellScriptBuildPhase section */
		AA614384F962ACBA5194CE6B /* [CP] Embed Pods Frameworks */ = {
			isa = PBXShellScriptBuildPhase;
			buildActionMask = 2147483647;
			files = (
			);
			inputFileListPaths = (
				"${PODS_ROOT}/Target Support Files/Pods-FIT5140FinalApp/Pods-FIT5140FinalApp-frameworks-${CONFIGURATION}-input-files.xcfilelist",
			);
			name = "[CP] Embed Pods Frameworks";
			outputFileListPaths = (
				"${PODS_ROOT}/Target Support Files/Pods-FIT5140FinalApp/Pods-FIT5140FinalApp-frameworks-${CONFIGURATION}-output-files.xcfilelist",
			);
			runOnlyForDeploymentPostprocessing = 0;
			shellPath = /bin/sh;
			shellScript = "\"${PODS_ROOT}/Target Support Files/Pods-FIT5140FinalApp/Pods-FIT5140FinalApp-frameworks.sh\"\n";
			showEnvVarsInLog = 0;
		};
		BB7E6B1A35D5B5016DA4A01E /* [CP] Check Pods Manifest.lock */ = {
			isa = PBXShellScriptBuildPhase;
			buildActionMask = 2147483647;
			files = (
			);
			inputFileListPaths = (
			);
			inputPaths = (
				"${PODS_PODFILE_DIR_PATH}/Podfile.lock",
				"${PODS_ROOT}/Manifest.lock",
			);
			name = "[CP] Check Pods Manifest.lock";
			outputFileListPaths = (
			);
			outputPaths = (
				"$(DERIVED_FILE_DIR)/Pods-FIT5140FinalApp-checkManifestLockResult.txt",
			);
			runOnlyForDeploymentPostprocessing = 0;
			shellPath = /bin/sh;
			shellScript = "diff \"${PODS_PODFILE_DIR_PATH}/Podfile.lock\" \"${PODS_ROOT}/Manifest.lock\" > /dev/null\nif [ $? != 0 ] ; then\n    # print error to STDERR\n    echo \"error: The sandbox is not in sync with the Podfile.lock. Run 'pod install' or update your CocoaPods installation.\" >&2\n    exit 1\nfi\n# This output is used by Xcode 'outputs' to avoid re-running this script phase.\necho \"SUCCESS\" > \"${SCRIPT_OUTPUT_FILE_0}\"\n";
			showEnvVarsInLog = 0;
		};
/* End PBXShellScriptBuildPhase section */

/* Begin PBXSourcesBuildPhase section */
		AC91EDBC2534673F007C8189 /* Sources */ = {
			isa = PBXSourcesBuildPhase;
			buildActionMask = 2147483647;
			files = (
				49E5A86D253F01B7007088D6 /* MeViewController.swift in Sources */,
				495B9C2A2545B35D00323505 /* CinemaViewController.swift in Sources */,
				49E5A860253E8AB6007088D6 /* TabBarViewController.swift in Sources */,
				492EBB22253DC41600BA9A00 /* SignUpViewController.swift in Sources */,
				ACDE637D253F2DA900ED103F /* HomeCollectionViewCell.swift in Sources */,
				AC8BF3952543737B0083C936 /* TailorVolume.swift in Sources */,
				49C2FDA82542F832005DBEB9 /* MovieDetailNew.swift in Sources */,
				AC4D290D253DB4E4003AD179 /* MovieService.swift in Sources */,
				AC4D2904253DA068003AD179 /* SearchMovieTableViewController.swift in Sources */,
				491CFA21254407F80040C000 /* EditMeViewController.swift in Sources */,
				AC085C782541DCD600501932 /* Constants.swift in Sources */,
				AC91EDC82534673F007C8189 /* ViewController.swift in Sources */,
				492EBB29253DCFBA00BA9A00 /* Utilities.swift in Sources */,
				AC4D2913253DB6E5003AD179 /* MovieCustomCell.swift in Sources */,
				AC4D2908253DAA56003AD179 /* MovieDetail.swift in Sources */,
				AC4D2916253DB938003AD179 /* SearchMovieCell.swift in Sources */,
				AC8BF38C254340050083C936 /* SimilarMovieCollectionViewCell.swift in Sources */,
				49E5A867253ED2B0007088D6 /* ForgetPasswordViewController.swift in Sources */,
				AC8BF39925437BDF0083C936 /* TrailorData.swift in Sources */,
				492EBB24253DC42300BA9A00 /* DisplayViewController.swift in Sources */,
				AC91EDC42534673F007C8189 /* AppDelegate.swift in Sources */,
				ACFC8602253DEC19009B56E0 /* VolumeData.swift in Sources */,
				ACDE6380253F30E200ED103F /* HomeViewController.swift in Sources */,
				49F3FD9625412AA2008EFB8D /* CollectionCollectionViewCell.swift in Sources */,
				ACFC85FF253DEBE3009B56E0 /* MovieData.swift in Sources */,
				495B9C272545A0FA00323505 /* nearbyCinemas.swift in Sources */,
				AC91EDC62534673F007C8189 /* SceneDelegate.swift in Sources */,
				492EBB20253DC40700BA9A00 /* SignInViewController.swift in Sources */,
				AC085C6C25417F5A00501932 /* MovieDetailViewController.swift in Sources */,
				AC4D2910253DB53C003AD179 /* MovieStore.swift in Sources */,
				49E61C1C2543DA64006AD812 /* SeeMoreCollectionViewCell.swift in Sources */,
				49C2FDAA25432230005DBEB9 /* Video.swift in Sources */,
			);
			runOnlyForDeploymentPostprocessing = 0;
		};
/* End PBXSourcesBuildPhase section */

/* Begin PBXVariantGroup section */
		AC91EDC92534673F007C8189 /* Main.storyboard */ = {
			isa = PBXVariantGroup;
			children = (
				AC91EDCA2534673F007C8189 /* Base */,
			);
			name = Main.storyboard;
			sourceTree = "<group>";
		};
		AC91EDCE25346746007C8189 /* LaunchScreen.storyboard */ = {
			isa = PBXVariantGroup;
			children = (
				AC91EDCF25346746007C8189 /* Base */,
			);
			name = LaunchScreen.storyboard;
			sourceTree = "<group>";
		};
/* End PBXVariantGroup section */

/* Begin XCBuildConfiguration section */
		AC91EDD225346746007C8189 /* Debug */ = {
			isa = XCBuildConfiguration;
			buildSettings = {
				ALWAYS_SEARCH_USER_PATHS = NO;
				CLANG_ANALYZER_NONNULL = YES;
				CLANG_ANALYZER_NUMBER_OBJECT_CONVERSION = YES_AGGRESSIVE;
				CLANG_CXX_LANGUAGE_STANDARD = "gnu++14";
				CLANG_CXX_LIBRARY = "libc++";
				CLANG_ENABLE_MODULES = YES;
				CLANG_ENABLE_OBJC_ARC = YES;
				CLANG_ENABLE_OBJC_WEAK = YES;
				CLANG_WARN_BLOCK_CAPTURE_AUTORELEASING = YES;
				CLANG_WARN_BOOL_CONVERSION = YES;
				CLANG_WARN_COMMA = YES;
				CLANG_WARN_CONSTANT_CONVERSION = YES;
				CLANG_WARN_DEPRECATED_OBJC_IMPLEMENTATIONS = YES;
				CLANG_WARN_DIRECT_OBJC_ISA_USAGE = YES_ERROR;
				CLANG_WARN_DOCUMENTATION_COMMENTS = YES;
				CLANG_WARN_EMPTY_BODY = YES;
				CLANG_WARN_ENUM_CONVERSION = YES;
				CLANG_WARN_INFINITE_RECURSION = YES;
				CLANG_WARN_INT_CONVERSION = YES;
				CLANG_WARN_NON_LITERAL_NULL_CONVERSION = YES;
				CLANG_WARN_OBJC_IMPLICIT_RETAIN_SELF = YES;
				CLANG_WARN_OBJC_LITERAL_CONVERSION = YES;
				CLANG_WARN_OBJC_ROOT_CLASS = YES_ERROR;
				CLANG_WARN_QUOTED_INCLUDE_IN_FRAMEWORK_HEADER = YES;
				CLANG_WARN_RANGE_LOOP_ANALYSIS = YES;
				CLANG_WARN_STRICT_PROTOTYPES = YES;
				CLANG_WARN_SUSPICIOUS_MOVE = YES;
				CLANG_WARN_UNGUARDED_AVAILABILITY = YES_AGGRESSIVE;
				CLANG_WARN_UNREACHABLE_CODE = YES;
				CLANG_WARN__DUPLICATE_METHOD_MATCH = YES;
				COPY_PHASE_STRIP = NO;
				DEBUG_INFORMATION_FORMAT = dwarf;
				ENABLE_STRICT_OBJC_MSGSEND = YES;
				ENABLE_TESTABILITY = YES;
				GCC_C_LANGUAGE_STANDARD = gnu11;
				GCC_DYNAMIC_NO_PIC = NO;
				GCC_NO_COMMON_BLOCKS = YES;
				GCC_OPTIMIZATION_LEVEL = 0;
				GCC_PREPROCESSOR_DEFINITIONS = (
					"DEBUG=1",
					"$(inherited)",
				);
				GCC_WARN_64_TO_32_BIT_CONVERSION = YES;
				GCC_WARN_ABOUT_RETURN_TYPE = YES_ERROR;
				GCC_WARN_UNDECLARED_SELECTOR = YES;
				GCC_WARN_UNINITIALIZED_AUTOS = YES_AGGRESSIVE;
				GCC_WARN_UNUSED_FUNCTION = YES;
				GCC_WARN_UNUSED_VARIABLE = YES;
				IPHONEOS_DEPLOYMENT_TARGET = 13.7;
				MTL_ENABLE_DEBUG_INFO = INCLUDE_SOURCE;
				MTL_FAST_MATH = YES;
				ONLY_ACTIVE_ARCH = YES;
				SDKROOT = iphoneos;
				SWIFT_ACTIVE_COMPILATION_CONDITIONS = DEBUG;
				SWIFT_OPTIMIZATION_LEVEL = "-Onone";
			};
			name = Debug;
		};
		AC91EDD325346746007C8189 /* Release */ = {
			isa = XCBuildConfiguration;
			buildSettings = {
				ALWAYS_SEARCH_USER_PATHS = NO;
				CLANG_ANALYZER_NONNULL = YES;
				CLANG_ANALYZER_NUMBER_OBJECT_CONVERSION = YES_AGGRESSIVE;
				CLANG_CXX_LANGUAGE_STANDARD = "gnu++14";
				CLANG_CXX_LIBRARY = "libc++";
				CLANG_ENABLE_MODULES = YES;
				CLANG_ENABLE_OBJC_ARC = YES;
				CLANG_ENABLE_OBJC_WEAK = YES;
				CLANG_WARN_BLOCK_CAPTURE_AUTORELEASING = YES;
				CLANG_WARN_BOOL_CONVERSION = YES;
				CLANG_WARN_COMMA = YES;
				CLANG_WARN_CONSTANT_CONVERSION = YES;
				CLANG_WARN_DEPRECATED_OBJC_IMPLEMENTATIONS = YES;
				CLANG_WARN_DIRECT_OBJC_ISA_USAGE = YES_ERROR;
				CLANG_WARN_DOCUMENTATION_COMMENTS = YES;
				CLANG_WARN_EMPTY_BODY = YES;
				CLANG_WARN_ENUM_CONVERSION = YES;
				CLANG_WARN_INFINITE_RECURSION = YES;
				CLANG_WARN_INT_CONVERSION = YES;
				CLANG_WARN_NON_LITERAL_NULL_CONVERSION = YES;
				CLANG_WARN_OBJC_IMPLICIT_RETAIN_SELF = YES;
				CLANG_WARN_OBJC_LITERAL_CONVERSION = YES;
				CLANG_WARN_OBJC_ROOT_CLASS = YES_ERROR;
				CLANG_WARN_QUOTED_INCLUDE_IN_FRAMEWORK_HEADER = YES;
				CLANG_WARN_RANGE_LOOP_ANALYSIS = YES;
				CLANG_WARN_STRICT_PROTOTYPES = YES;
				CLANG_WARN_SUSPICIOUS_MOVE = YES;
				CLANG_WARN_UNGUARDED_AVAILABILITY = YES_AGGRESSIVE;
				CLANG_WARN_UNREACHABLE_CODE = YES;
				CLANG_WARN__DUPLICATE_METHOD_MATCH = YES;
				COPY_PHASE_STRIP = NO;
				DEBUG_INFORMATION_FORMAT = "dwarf-with-dsym";
				ENABLE_NS_ASSERTIONS = NO;
				ENABLE_STRICT_OBJC_MSGSEND = YES;
				GCC_C_LANGUAGE_STANDARD = gnu11;
				GCC_NO_COMMON_BLOCKS = YES;
				GCC_WARN_64_TO_32_BIT_CONVERSION = YES;
				GCC_WARN_ABOUT_RETURN_TYPE = YES_ERROR;
				GCC_WARN_UNDECLARED_SELECTOR = YES;
				GCC_WARN_UNINITIALIZED_AUTOS = YES_AGGRESSIVE;
				GCC_WARN_UNUSED_FUNCTION = YES;
				GCC_WARN_UNUSED_VARIABLE = YES;
				IPHONEOS_DEPLOYMENT_TARGET = 13.7;
				MTL_ENABLE_DEBUG_INFO = NO;
				MTL_FAST_MATH = YES;
				SDKROOT = iphoneos;
				SWIFT_COMPILATION_MODE = wholemodule;
				SWIFT_OPTIMIZATION_LEVEL = "-O";
				VALIDATE_PRODUCT = YES;
			};
			name = Release;
		};
		AC91EDD525346746007C8189 /* Debug */ = {
			isa = XCBuildConfiguration;
			baseConfigurationReference = 5C20A351683D91A9636A3BAE /* Pods-FIT5140FinalApp.debug.xcconfig */;
			buildSettings = {
				ASSETCATALOG_COMPILER_APPICON_NAME = AppIcon;
				ASSETCATALOG_COMPILER_GLOBAL_ACCENT_COLOR_NAME = AccentColor;
				CODE_SIGN_STYLE = Automatic;
				DEVELOPMENT_TEAM = H8CR5M9C5V;
				INFOPLIST_FILE = FIT5140FinalApp/Info.plist;
				LD_RUNPATH_SEARCH_PATHS = (
					"$(inherited)",
					"@executable_path/Frameworks",
				);
				PRODUCT_BUNDLE_IDENTIFIER = edu.monash.FIT5140FinalApp;
				PRODUCT_NAME = "$(TARGET_NAME)";
				SWIFT_VERSION = 5.0;
				TARGETED_DEVICE_FAMILY = "1,2";
			};
			name = Debug;
		};
		AC91EDD625346746007C8189 /* Release */ = {
			isa = XCBuildConfiguration;
			baseConfigurationReference = E310A1EEA441AECF4E955531 /* Pods-FIT5140FinalApp.release.xcconfig */;
			buildSettings = {
				ASSETCATALOG_COMPILER_APPICON_NAME = AppIcon;
				ASSETCATALOG_COMPILER_GLOBAL_ACCENT_COLOR_NAME = AccentColor;
				CODE_SIGN_STYLE = Automatic;
				DEVELOPMENT_TEAM = H8CR5M9C5V;
				INFOPLIST_FILE = FIT5140FinalApp/Info.plist;
				LD_RUNPATH_SEARCH_PATHS = (
					"$(inherited)",
					"@executable_path/Frameworks",
				);
				PRODUCT_BUNDLE_IDENTIFIER = edu.monash.FIT5140FinalApp;
				PRODUCT_NAME = "$(TARGET_NAME)";
				SWIFT_VERSION = 5.0;
				TARGETED_DEVICE_FAMILY = "1,2";
			};
			name = Release;
		};
/* End XCBuildConfiguration section */

/* Begin XCConfigurationList section */
		AC91EDBB2534673F007C8189 /* Build configuration list for PBXProject "FIT5140FinalApp" */ = {
			isa = XCConfigurationList;
			buildConfigurations = (
				AC91EDD225346746007C8189 /* Debug */,
				AC91EDD325346746007C8189 /* Release */,
			);
			defaultConfigurationIsVisible = 0;
			defaultConfigurationName = Release;
		};
		AC91EDD425346746007C8189 /* Build configuration list for PBXNativeTarget "FIT5140FinalApp" */ = {
			isa = XCConfigurationList;
			buildConfigurations = (
				AC91EDD525346746007C8189 /* Debug */,
				AC91EDD625346746007C8189 /* Release */,
			);
			defaultConfigurationIsVisible = 0;
			defaultConfigurationName = Release;
		};
/* End XCConfigurationList section */
	};
	rootObject = AC91EDB82534673F007C8189 /* Project object */;
}
